{
  "name": "parseit",
  "version": "1.0.1",
  "lockfileVersion": 3,
  "requires": true,
  "packages": {
    "": {
      "name": "parseit",
      "version": "1.0.1",
      "license": "UNLICENSED",
      "dependencies": {
        "lexitjs": "^1.0.7"
      }
    },
    "node_modules/lexitjs": {
      "version": "1.0.7",
      "resolved": "https://registry.npmjs.org/lexitjs/-/lexitjs-1.0.7.tgz",
      "integrity": "sha512-0G8Jz8iyWTyEtgyIvHhtl4t7BlybmIwNyKusn7fQMFjZsLjaKsN9wK3zmOMO1xtJytSWhUBRs14GEB7MU/l8Gw==",
      "license": "ISC"
    }
  }
}
