{
  "name": "parseit",
  "version": "1.0.1",
  "lockfileVersion": 1,
  "requires": true,
  "dependencies": {
    "lexitjs": {
      "version": "2.0.0",
      "resolved": "https://registry.npmjs.org/lexitjs/-/lexitjs-2.0.0.tgz",
      "integrity": "sha512-MjMViL5GGPLWuCDt5bDUFHWiGDEMzrKWuCFwy7BZG+0eYJc+UBhuAKk6DZRevH/Dbe5SPVf7sXTi2Qq4eg+AcA=="
    }
  }
}
